{
  "version": 4,
  "terraform_version": "1.9.8",
  "serial": 17,
  "lineage": "87ab12ae-0196-19f0-67d5-3b5f0bf17158",
  "outputs": {
    "public_ip": {
      "value": "13.203.115.152",
      "type": "string"
    }
  },
  "resources": [
    {
      "mode": "managed",
      "type": "aws_eip",
      "name": "ip",
      "provider": "provider[\"registry.terraform.io/hashicorp/aws\"]",
      "instances": [
        {
          "schema_version": 0,
          "attributes": {
            "address": null,
            "allocation_id": "eipalloc-07eee7c260b2d95c6",
            "arn": "arn:aws:ec2:ap-south-1:774305574659:elastic-ip/eipalloc-07eee7c260b2d95c6",
            "associate_with_private_ip": null,
            "association_id": "",
            "carrier_ip": "",
            "customer_owned_ip": "",
            "customer_owned_ipv4_pool": "",
            "domain": "vpc",
            "id": "eipalloc-07eee7c260b2d95c6",
            "instance": "",
            "ipam_pool_id": null,
            "network_border_group": "ap-south-1",
            "network_interface": "",
            "private_dns": null,
            "private_ip": "",
            "ptr_record": "",
            "public_dns": "ec2-13-203-115-152.ap-south-1.compute.amazonaws.com",
            "public_ip": "13.203.115.152",
            "public_ipv4_pool": "amazon",
            "tags": {},
            "tags_all": {},
            "timeouts": null,
            "vpc": true
          },
          "sensitive_attributes": [],
          "private": "eyJlMmJmYjczMC1lY2FhLTExZTYtOGY4OC0zNDM2M2JjN2M0YzAiOnsiZGVsZXRlIjoxODAwMDAwMDAwMDAsInJlYWQiOjkwMDAwMDAwMDAwMCwidXBkYXRlIjozMDAwMDAwMDAwMDB9fQ=="
        }
      ]
    },
    {
      "mode": "managed",
      "type": "aws_security_group",
      "name": "cross-network",
      "provider": "provider[\"registry.terraform.io/hashicorp/aws\"]",
      "instances": [
        {
          "schema_version": 1,
          "attributes": {
            "arn": "arn:aws:ec2:ap-south-1:774305574659:security-group/sg-0c9aaa89a04d3a3b3",
            "description": "Managed by Terraform",
            "egress": [
              {
                "cidr_blocks": [
                  "13.203.115.152/32"
                ],
                "description": "",
                "from_port": 82,
                "ipv6_cidr_blocks": [],
                "prefix_list_ids": [],
                "protocol": "tcp",
                "security_groups": [],
                "self": false,
                "to_port": 82
              }
            ],
            "id": "sg-0c9aaa89a04d3a3b3",
            "ingress": [
              {
                "cidr_blocks": [
                  "13.203.115.152/32"
                ],
                "description": "",
                "from_port": 82,
                "ipv6_cidr_blocks": [],
                "prefix_list_ids": [],
                "protocol": "tcp",
                "security_groups": [],
                "self": false,
                "to_port": 443
              }
            ],
            "name": "cross reference sg",
            "name_prefix": "",
            "owner_id": "774305574659",
            "revoke_rules_on_delete": false,
            "tags": {},
            "tags_all": {},
            "timeouts": null,
            "vpc_id": "vpc-0ead596160960ee4f"
          },
          "sensitive_attributes": [],
          "private": "eyJlMmJmYjczMC1lY2FhLTExZTYtOGY4OC0zNDM2M2JjN2M0YzAiOnsiY3JlYXRlIjo2MDAwMDAwMDAwMDAsImRlbGV0ZSI6OTAwMDAwMDAwMDAwfSwic2NoZW1hX3ZlcnNpb24iOiIxIn0="
        }
      ]
    },
    {
      "mode": "managed",
      "type": "aws_vpc_security_group_egress_rule",
      "name": "out_rule",
      "provider": "provider[\"registry.terraform.io/hashicorp/aws\"]",
      "instances": [
        {
          "schema_version": 0,
          "attributes": {
            "arn": "arn:aws:ec2:ap-south-1:774305574659:security-group-rule/sgr-0e73353c4fdb2e8a4",
            "cidr_ipv4": "13.203.115.152/32",
            "cidr_ipv6": null,
            "description": null,
            "from_port": 82,
            "id": "sgr-0e73353c4fdb2e8a4",
            "ip_protocol": "tcp",
            "prefix_list_id": null,
            "referenced_security_group_id": null,
            "security_group_id": "sg-0c9aaa89a04d3a3b3",
            "security_group_rule_id": "sgr-0e73353c4fdb2e8a4",
            "tags": null,
            "tags_all": {},
            "to_port": 82
          },
          "sensitive_attributes": [],
          "dependencies": [
            "aws_eip.ip",
            "aws_security_group.cross-network"
          ]
        }
      ]
    },
    {
      "mode": "managed",
      "type": "aws_vpc_security_group_ingress_rule",
      "name": "eip_rule",
      "provider": "provider[\"registry.terraform.io/hashicorp/aws\"]",
      "instances": [
        {
          "schema_version": 0,
          "attributes": {
            "arn": "arn:aws:ec2:ap-south-1:774305574659:security-group-rule/sgr-00ecd3902c610dc6f",
            "cidr_ipv4": "13.203.115.152/32",
            "cidr_ipv6": null,
            "description": null,
            "from_port": 82,
            "id": "sgr-00ecd3902c610dc6f",
            "ip_protocol": "tcp",
            "prefix_list_id": null,
            "referenced_security_group_id": null,
            "security_group_id": "sg-0c9aaa89a04d3a3b3",
            "security_group_rule_id": "sgr-00ecd3902c610dc6f",
            "tags": null,
            "tags_all": {},
            "to_port": 443
          },
          "sensitive_attributes": [],
          "dependencies": [
            "aws_eip.ip",
            "aws_security_group.cross-network"
          ]
        }
      ]
    }
  ],
  "check_results": null
}
